// !$*UTF8*$!
{
	archiveVersion = 1;
	classes = {
	};
	objectVersion = 50;
	objects = {

/* Begin PBXBuildFile section */
		F499FD94265E75D1008963B2 /* AppDelegate.swift in Sources */ = {isa = PBXBuildFile; fileRef = F499FD93265E75D1008963B2 /* AppDelegate.swift */; };
		F499FD96265E75D1008963B2 /* SceneDelegate.swift in Sources */ = {isa = PBXBuildFile; fileRef = F499FD95265E75D1008963B2 /* SceneDelegate.swift */; };
		F499FD98265E75D1008963B2 /* ViewController.swift in Sources */ = {isa = PBXBuildFile; fileRef = F499FD97265E75D1008963B2 /* ViewController.swift */; };
		F499FD9B265E75D1008963B2 /* Main.storyboard in Resources */ = {isa = PBXBuildFile; fileRef = F499FD99265E75D1008963B2 /* Main.storyboard */; };
		F499FD9E265E75D1008963B2 /* RosterBusterDashboard.xcdatamodeld in Sources */ = {isa = PBXBuildFile; fileRef = F499FD9C265E75D1008963B2 /* RosterBusterDashboard.xcdatamodeld */; };
		F499FDA0265E75D5008963B2 /* Assets.xcassets in Resources */ = {isa = PBXBuildFile; fileRef = F499FD9F265E75D5008963B2 /* Assets.xcassets */; };
		F499FDA3265E75D5008963B2 /* LaunchScreen.storyboard in Resources */ = {isa = PBXBuildFile; fileRef = F499FDA1265E75D5008963B2 /* LaunchScreen.storyboard */; };
/* End PBXBuildFile section */

/* Begin PBXFileReference section */
		F499FD90265E75D1008963B2 /* RosterBusterDashboard.app */ = {isa = PBXFileReference; explicitFileType = wrapper.application; includeInIndex = 0; path = RosterBusterDashboard.app; sourceTree = BUILT_PRODUCTS_DIR; };
		F499FD93265E75D1008963B2 /* AppDelegate.swift */ = {isa = PBXFileReference; lastKnownFileType = sourcecode.swift; path = AppDelegate.swift; sourceTree = "<group>"; };
		F499FD95265E75D1008963B2 /* SceneDelegate.swift */ = {isa = PBXFileReference; lastKnownFileType = sourcecode.swift; path = SceneDelegate.swift; sourceTree = "<group>"; };
		F499FD97265E75D1008963B2 /* ViewController.swift */ = {isa = PBXFileReference; lastKnownFileType = sourcecode.swift; path = ViewController.swift; sourceTree = "<group>"; };
		F499FD9A265E75D1008963B2 /* Base */ = {isa = PBXFileReference; lastKnownFileType = file.storyboard; name = Base; path = Base.lproj/Main.storyboard; sourceTree = "<group>"; };
		F499FD9D265E75D1008963B2 /* RosterBusterDashboard.xcdatamodel */ = {isa = PBXFileReference; lastKnownFileType = wrapper.xcdatamodel; path = RosterBusterDashboard.xcdatamodel; sourceTree = "<group>"; };
		F499FD9F265E75D5008963B2 /* Assets.xcassets */ = {isa = PBXFileReference; lastKnownFileType = folder.assetcatalog; path = Assets.xcassets; sourceTree = "<group>"; };
		F499FDA2265E75D5008963B2 /* Base */ = {isa = PBXFileReference; lastKnownFileType = file.storyboard; name = Base; path = Base.lproj/LaunchScreen.storyboard; sourceTree = "<group>"; };
		F499FDA4265E75D5008963B2 /* Info.plist */ = {isa = PBXFileReference; lastKnownFileType = text.plist.xml; path = Info.plist; sourceTree = "<group>"; };
/* End PBXFileReference section */

/* Begin PBXFrameworksBuildPhase section */
		F499FD8D265E75D1008963B2 /* Frameworks */ = {
			isa = PBXFrameworksBuildPhase;
			buildActionMask = 2147483647;
			files = (
			);
			runOnlyForDeploymentPostprocessing = 0;
		};
/* End PBXFrameworksBuildPhase section */

/* Begin PBXGroup section */
		F499FD87265E75D1008963B2 = {
			isa = PBXGroup;
			children = (
				F499FD92265E75D1008963B2 /* RosterBusterDashboard */,
				F499FD91265E75D1008963B2 /* Products */,
			);
			sourceTree = "<group>";
		};
		F499FD91265E75D1008963B2 /* Products */ = {
			isa = PBXGroup;
			children = (
				F499FD90265E75D1008963B2 /* RosterBusterDashboard.app */,
			);
			name = Products;
			sourceTree = "<group>";
		};
		F499FD92265E75D1008963B2 /* RosterBusterDashboard */ = {
			isa = PBXGroup;
			children = (
				F499FD93265E75D1008963B2 /* AppDelegate.swift */,
				F499FD95265E75D1008963B2 /* SceneDelegate.swift */,
				F499FD97265E75D1008963B2 /* ViewController.swift */,
				F499FD99265E75D1008963B2 /* Main.storyboard */,
				F499FD9F265E75D5008963B2 /* Assets.xcassets */,
				F499FDA1265E75D5008963B2 /* LaunchScreen.storyboard */,
				F499FDA4265E75D5008963B2 /* Info.plist */,
				F499FD9C265E75D1008963B2 /* RosterBusterDashboard.xcdatamodeld */,
			);
			path = RosterBusterDashboard;
			sourceTree = "<group>";
		};
/* End PBXGroup section */

/* Begin PBXNativeTarget section */
		F499FD8F265E75D1008963B2 /* RosterBusterDashboard */ = {
			isa = PBXNativeTarget;
			buildConfigurationList = F499FDA7265E75D6008963B2 /* Build configuration list for PBXNativeTarget "RosterBusterDashboard" */;
			buildPhases = (
				F499FD8C265E75D1008963B2 /* Sources */,
				F499FD8D265E75D1008963B2 /* Frameworks */,
				F499FD8E265E75D1008963B2 /* Resources */,
			);
			buildRules = (
			);
			dependencies = (
			);
			name = RosterBusterDashboard;
			productName = RosterBusterDashboard;
			productReference = F499FD90265E75D1008963B2 /* RosterBusterDashboard.app */;
			productType = "com.apple.product-type.application";
		};
/* End PBXNativeTarget section */

/* Begin PBXProject section */
		F499FD88265E75D1008963B2 /* Project object */ = {
			isa = PBXProject;
			attributes = {
				LastSwiftUpdateCheck = 1240;
				LastUpgradeCheck = 1240;
				TargetAttributes = {
					F499FD8F265E75D1008963B2 = {
						CreatedOnToolsVersion = 12.4;
					};
				};
			};
			buildConfigurationList = F499FD8B265E75D1008963B2 /* Build configuration list for PBXProject "RosterBusterDashboard" */;
			compatibilityVersion = "Xcode 9.3";
			developmentRegion = en;
			hasScannedForEncodings = 0;
			knownRegions = (
				en,
				Base,
			);
			mainGroup = F499FD87265E75D1008963B2;
			productRefGroup = F499FD91265E75D1008963B2 /* Products */;
			projectDirPath = "";
			projectRoot = "";
			targets = (
				F499FD8F265E75D1008963B2 /* RosterBusterDashboard */,
			);
		};
/* End PBXProject section */

/* Begin PBXResourcesBuildPhase section */
		F499FD8E265E75D1008963B2 /* Resources */ = {
			isa = PBXResourcesBuildPhase;
			buildActionMask = 2147483647;
			files = (
				F499FDA3265E75D5008963B2 /* LaunchScreen.storyboard in Resources */,
				F499FDA0265E75D5008963B2 /* Assets.xcassets in Resources */,
				F499FD9B265E75D1008963B2 /* Main.storyboard in Resources */,
			);
			runOnlyForDeploymentPostprocessing = 0;
		};
/* End PBXResourcesBuildPhase section */

/* Begin PBXSourcesBuildPhase section */
		F499FD8C265E75D1008963B2 /* Sources */ = {
			isa = PBXSourcesBuildPhase;
			buildActionMask = 2147483647;
			files = (
				F499FD98265E75D1008963B2 /* ViewController.swift in Sources */,
				F499FD94265E75D1008963B2 /* AppDelegate.swift in Sources */,
				F499FD9E265E75D1008963B2 /* RosterBusterDashboard.xcdatamodeld in Sources */,
				F499FD96265E75D1008963B2 /* SceneDelegate.swift in Sources */,
			);
			runOnlyForDeploymentPostprocessing = 0;
		};
/* End PBXSourcesBuildPhase section */

/* Begin PBXVariantGroup section */
		F499FD99265E75D1008963B2 /* Main.storyboard */ = {
			isa = PBXVariantGroup;
			children = (
				F499FD9A265E75D1008963B2 /* Base */,
			);
			name = Main.storyboard;
			sourceTree = "<group>";
		};
		F499FDA1265E75D5008963B2 /* LaunchScreen.storyboard */ = {
			isa = PBXVariantGroup;
			children = (
				F499FDA2265E75D5008963B2 /* Base */,
			);
			name = LaunchScreen.storyboard;
			sourceTree = "<group>";
		};
/* End PBXVariantGroup section */

/* Begin XCBuildConfiguration section */
		F499FDA5265E75D6008963B2 /* Debug */ = {
			isa = XCBuildConfiguration;
			buildSettings = {
				ALWAYS_SEARCH_USER_PATHS = NO;
				CLANG_ANALYZER_NONNULL = YES;
				CLANG_ANALYZER_NUMBER_OBJECT_CONVERSION = YES_AGGRESSIVE;
				CLANG_CXX_LANGUAGE_STANDARD = "gnu++14";
				CLANG_CXX_LIBRARY = "libc++";
				CLANG_ENABLE_MODULES = YES;
				CLANG_ENABLE_OBJC_ARC = YES;
				CLANG_ENABLE_OBJC_WEAK = YES;
				CLANG_WARN_BLOCK_CAPTURE_AUTORELEASING = YES;
				CLANG_WARN_BOOL_CONVERSION = YES;
				CLANG_WARN_COMMA = YES;
				CLANG_WARN_CONSTANT_CONVERSION = YES;
				CLANG_WARN_DEPRECATED_OBJC_IMPLEMENTATIONS = YES;
				CLANG_WARN_DIRECT_OBJC_ISA_USAGE = YES_ERROR;
				CLANG_WARN_DOCUMENTATION_COMMENTS = YES;
				CLANG_WARN_EMPTY_BODY = YES;
				CLANG_WARN_ENUM_CONVERSION = YES;
				CLANG_WARN_INFINITE_RECURSION = YES;
				CLANG_WARN_INT_CONVERSION = YES;
				CLANG_WARN_NON_LITERAL_NULL_CONVERSION = YES;
				CLANG_WARN_OBJC_IMPLICIT_RETAIN_SELF = YES;
				CLANG_WARN_OBJC_LITERAL_CONVERSION = YES;
				CLANG_WARN_OBJC_ROOT_CLASS = YES_ERROR;
				CLANG_WARN_QUOTED_INCLUDE_IN_FRAMEWORK_HEADER = YES;
				CLANG_WARN_RANGE_LOOP_ANALYSIS = YES;
				CLANG_WARN_STRICT_PROTOTYPES = YES;
				CLANG_WARN_SUSPICIOUS_MOVE = YES;
				CLANG_WARN_UNGUARDED_AVAILABILITY = YES_AGGRESSIVE;
				CLANG_WARN_UNREACHABLE_CODE = YES;
				CLANG_WARN__DUPLICATE_METHOD_MATCH = YES;
				COPY_PHASE_STRIP = NO;
				DEBUG_INFORMATION_FORMAT = dwarf;
				ENABLE_STRICT_OBJC_MSGSEND = YES;
				ENABLE_TESTABILITY = YES;
				GCC_C_LANGUAGE_STANDARD = gnu11;
				GCC_DYNAMIC_NO_PIC = NO;
				GCC_NO_COMMON_BLOCKS = YES;
				GCC_OPTIMIZATION_LEVEL = 0;
				GCC_PREPROCESSOR_DEFINITIONS = (
					"DEBUG=1",
					"$(inherited)",
				);
				GCC_WARN_64_TO_32_BIT_CONVERSION = YES;
				GCC_WARN_ABOUT_RETURN_TYPE = YES_ERROR;
				GCC_WARN_UNDECLARED_SELECTOR = YES;
				GCC_WARN_UNINITIALIZED_AUTOS = YES_AGGRESSIVE;
				GCC_WARN_UNUSED_FUNCTION = YES;
				GCC_WARN_UNUSED_VARIABLE = YES;
				IPHONEOS_DEPLOYMENT_TARGET = 14.4;
				MTL_ENABLE_DEBUG_INFO = INCLUDE_SOURCE;
				MTL_FAST_MATH = YES;
				ONLY_ACTIVE_ARCH = YES;
				SDKROOT = iphoneos;
				SWIFT_ACTIVE_COMPILATION_CONDITIONS = DEBUG;
				SWIFT_OPTIMIZATION_LEVEL = "-Onone";
			};
			name = Debug;
		};
		F499FDA6265E75D6008963B2 /* Release */ = {
			isa = XCBuildConfiguration;
			buildSettings = {
				ALWAYS_SEARCH_USER_PATHS = NO;
				CLANG_ANALYZER_NONNULL = YES;
				CLANG_ANALYZER_NUMBER_OBJECT_CONVERSION = YES_AGGRESSIVE;
				CLANG_CXX_LANGUAGE_STANDARD = "gnu++14";
				CLANG_CXX_LIBRARY = "libc++";
				CLANG_ENABLE_MODULES = YES;
				CLANG_ENABLE_OBJC_ARC = YES;
				CLANG_ENABLE_OBJC_WEAK = YES;
				CLANG_WARN_BLOCK_CAPTURE_AUTORELEASING = YES;
				CLANG_WARN_BOOL_CONVERSION = YES;
				CLANG_WARN_COMMA = YES;
				CLANG_WARN_CONSTANT_CONVERSION = YES;
				CLANG_WARN_DEPRECATED_OBJC_IMPLEMENTATIONS = YES;
				CLANG_WARN_DIRECT_OBJC_ISA_USAGE = YES_ERROR;
				CLANG_WARN_DOCUMENTATION_COMMENTS = YES;
				CLANG_WARN_EMPTY_BODY = YES;
				CLANG_WARN_ENUM_CONVERSION = YES;
				CLANG_WARN_INFINITE_RECURSION = YES;
				CLANG_WARN_INT_CONVERSION = YES;
				CLANG_WARN_NON_LITERAL_NULL_CONVERSION = YES;
				CLANG_WARN_OBJC_IMPLICIT_RETAIN_SELF = YES;
				CLANG_WARN_OBJC_LITERAL_CONVERSION = YES;
				CLANG_WARN_OBJC_ROOT_CLASS = YES_ERROR;
				CLANG_WARN_QUOTED_INCLUDE_IN_FRAMEWORK_HEADER = YES;
				CLANG_WARN_RANGE_LOOP_ANALYSIS = YES;
				CLANG_WARN_STRICT_PROTOTYPES = YES;
				CLANG_WARN_SUSPICIOUS_MOVE = YES;
				CLANG_WARN_UNGUARDED_AVAILABILITY = YES_AGGRESSIVE;
				CLANG_WARN_UNREACHABLE_CODE = YES;
				CLANG_WARN__DUPLICATE_METHOD_MATCH = YES;
				COPY_PHASE_STRIP = NO;
				DEBUG_INFORMATION_FORMAT = "dwarf-with-dsym";
				ENABLE_NS_ASSERTIONS = NO;
				ENABLE_STRICT_OBJC_MSGSEND = YES;
				GCC_C_LANGUAGE_STANDARD = gnu11;
				GCC_NO_COMMON_BLOCKS = YES;
				GCC_WARN_64_TO_32_BIT_CONVERSION = YES;
				GCC_WARN_ABOUT_RETURN_TYPE = YES_ERROR;
				GCC_WARN_UNDECLARED_SELECTOR = YES;
				GCC_WARN_UNINITIALIZED_AUTOS = YES_AGGRESSIVE;
				GCC_WARN_UNUSED_FUNCTION = YES;
				GCC_WARN_UNUSED_VARIABLE = YES;
				IPHONEOS_DEPLOYMENT_TARGET = 14.4;
				MTL_ENABLE_DEBUG_INFO = NO;
				MTL_FAST_MATH = YES;
				SDKROOT = iphoneos;
				SWIFT_COMPILATION_MODE = wholemodule;
				SWIFT_OPTIMIZATION_LEVEL = "-O";
				VALIDATE_PRODUCT = YES;
			};
			name = Release;
		};
		F499FDA8265E75D6008963B2 /* Debug */ = {
			isa = XCBuildConfiguration;
			buildSettings = {
				ASSETCATALOG_COMPILER_APPICON_NAME = AppIcon;
				ASSETCATALOG_COMPILER_GLOBAL_ACCENT_COLOR_NAME = AccentColor;
				CODE_SIGN_STYLE = Automatic;
				DEVELOPMENT_TEAM = U5M5YX2ACY;
				INFOPLIST_FILE = RosterBusterDashboard/Info.plist;
				LD_RUNPATH_SEARCH_PATHS = (
					"$(inherited)",
					"@executable_path/Frameworks",
				);
				PRODUCT_BUNDLE_IDENTIFIER = com.rbgroup.aero.mobile.RosterBusterDashboard;
				PRODUCT_NAME = "$(TARGET_NAME)";
				SWIFT_VERSION = 5.0;
				TARGETED_DEVICE_FAMILY = "1,2";
			};
			name = Debug;
		};
		F499FDA9265E75D6008963B2 /* Release */ = {
			isa = XCBuildConfiguration;
			buildSettings = {
				ASSETCATALOG_COMPILER_APPICON_NAME = AppIcon;
				ASSETCATALOG_COMPILER_GLOBAL_ACCENT_COLOR_NAME = AccentColor;
				CODE_SIGN_STYLE = Automatic;
				DEVELOPMENT_TEAM = U5M5YX2ACY;
				INFOPLIST_FILE = RosterBusterDashboard/Info.plist;
				LD_RUNPATH_SEARCH_PATHS = (
					"$(inherited)",
					"@executable_path/Frameworks",
				);
				PRODUCT_BUNDLE_IDENTIFIER = com.rbgroup.aero.mobile.RosterBusterDashboard;
				PRODUCT_NAME = "$(TARGET_NAME)";
				SWIFT_VERSION = 5.0;
				TARGETED_DEVICE_FAMILY = "1,2";
			};
			name = Release;
		};
/* End XCBuildConfiguration section */

/* Begin XCConfigurationList section */
		F499FD8B265E75D1008963B2 /* Build configuration list for PBXProject "RosterBusterDashboard" */ = {
			isa = XCConfigurationList;
			buildConfigurations = (
				F499FDA5265E75D6008963B2 /* Debug */,
				F499FDA6265E75D6008963B2 /* Release */,
			);
			defaultConfigurationIsVisible = 0;
			defaultConfigurationName = Release;
		};
		F499FDA7265E75D6008963B2 /* Build configuration list for PBXNativeTarget "RosterBusterDashboard" */ = {
			isa = XCConfigurationList;
			buildConfigurations = (
				F499FDA8265E75D6008963B2 /* Debug */,
				F499FDA9265E75D6008963B2 /* Release */,
			);
			defaultConfigurationIsVisible = 0;
			defaultConfigurationName = Release;
		};
/* End XCConfigurationList section */

/* Begin XCVersionGroup section */
		F499FD9C265E75D1008963B2 /* RosterBusterDashboard.xcdatamodeld */ = {
			isa = XCVersionGroup;
			children = (
				F499FD9D265E75D1008963B2 /* RosterBusterDashboard.xcdatamodel */,
			);
			currentVersion = F499FD9D265E75D1008963B2 /* RosterBusterDashboard.xcdatamodel */;
			path = RosterBusterDashboard.xcdatamodeld;
			sourceTree = "<group>";
			versionGroupType = wrapper.xcdatamodel;
		};
/* End XCVersionGroup section */
	};
	rootObject = F499FD88265E75D1008963B2 /* Project object */;
}
